// !$*UTF8*$!
{
	archiveVersion = 1;
	classes = {
	};
	objectVersion = 77;
	objects = {

/* Begin PBXBuildFile section */
		AA6797CB2D10385A00ADCA03 /* DetailController.swift in Sources */ = {isa = PBXBuildFile; fileRef = AA6797CA2D10385A00ADCA03 /* DetailController.swift */; };
		AA6797CD2D10388200ADCA03 /* DetailView.swift in Sources */ = {isa = PBXBuildFile; fileRef = AA6797CC2D10388200ADCA03 /* DetailView.swift */; };
		AA6F9D282D0EF45700F3B4AD /* CreateDutyController.swift in Sources */ = {isa = PBXBuildFile; fileRef = AA6F9D272D0EF45700F3B4AD /* CreateDutyController.swift */; };
		AA6F9D2A2D0EF49600F3B4AD /* CreateDutyView.swift in Sources */ = {isa = PBXBuildFile; fileRef = AA6F9D292D0EF49600F3B4AD /* CreateDutyView.swift */; };
		AAA21B7C2D0DE2A9004BA8B0 /* Assets.xcassets in Resources */ = {isa = PBXBuildFile; fileRef = AAA21B712D0DE2A9004BA8B0 /* Assets.xcassets */; };
		AAA21B7F2D0DE2A9004BA8B0 /* DutyController.swift in Sources */ = {isa = PBXBuildFile; fileRef = AAA21B6C2D0DE2A9004BA8B0 /* DutyController.swift */; };
		AAA21B802D0DE2A9004BA8B0 /* Task.swift in Sources */ = {isa = PBXBuildFile; fileRef = AAA21B6E2D0DE2A9004BA8B0 /* Task.swift */; };
		AAA21B812D0DE2A9004BA8B0 /* TaskManager.swift in Sources */ = {isa = PBXBuildFile; fileRef = AAA21B6F2D0DE2A9004BA8B0 /* TaskManager.swift */; };
		AAA21B822D0DE2A9004BA8B0 /* TaskCell.swift in Sources */ = {isa = PBXBuildFile; fileRef = AAA21B742D0DE2A9004BA8B0 /* TaskCell.swift */; };
		AAA21B832D0DE2A9004BA8B0 /* DutyView.swift in Sources */ = {isa = PBXBuildFile; fileRef = AAA21B762D0DE2A9004BA8B0 /* DutyView.swift */; };
		AAA21B842D0DE2A9004BA8B0 /* AppDelegate.swift in Sources */ = {isa = PBXBuildFile; fileRef = AAA21B782D0DE2A9004BA8B0 /* AppDelegate.swift */; };
		AAA21B852D0DE2A9004BA8B0 /* SceneDelegate.swift in Sources */ = {isa = PBXBuildFile; fileRef = AAA21B7A2D0DE2A9004BA8B0 /* SceneDelegate.swift */; };
		AAA21B862D0DE2A9004BA8B0 /* tasks.json in Sources */ = {isa = PBXBuildFile; fileRef = AAA21B722D0DE2A9004BA8B0 /* tasks.json */; };
		CF1CED5FA54C0D78707E49C3 /* Pods_SimbirSoftApp.framework in Frameworks */ = {isa = PBXBuildFile; fileRef = D97A1C8053D769CFAC9B0A50 /* Pods_SimbirSoftApp.framework */; };
		E0C415CF00AA11647694F36F /* Pods_SimbirSoftAppTests.framework in Frameworks */ = {isa = PBXBuildFile; fileRef = A9C40C2A46E7FA84A8F8C7BA /* Pods_SimbirSoftAppTests.framework */; };
/* End PBXBuildFile section */

/* Begin PBXContainerItemProxy section */
		AA12FCE32D0C5E8500DFE8EE /* PBXContainerItemProxy */ = {
			isa = PBXContainerItemProxy;
			containerPortal = AA12FCC42D0C5E8300DFE8EE /* Project object */;
			proxyType = 1;
			remoteGlobalIDString = AA12FCCB2D0C5E8300DFE8EE;
			remoteInfo = SimbirSoftApp;
		};
/* End PBXContainerItemProxy section */

/* Begin PBXFileReference section */
		1EBB9BDBBCD64F895AF1872F /* Pods-SimbirSoftApp.release.xcconfig */ = {isa = PBXFileReference; includeInIndex = 1; lastKnownFileType = text.xcconfig; name = "Pods-SimbirSoftApp.release.xcconfig"; path = "Target Support Files/Pods-SimbirSoftApp/Pods-SimbirSoftApp.release.xcconfig"; sourceTree = "<group>"; };
		20DD871AC42DE74D337EEAD5 /* Pods-SimbirSoftAppTests.debug.xcconfig */ = {isa = PBXFileReference; includeInIndex = 1; lastKnownFileType = text.xcconfig; name = "Pods-SimbirSoftAppTests.debug.xcconfig"; path = "Target Support Files/Pods-SimbirSoftAppTests/Pods-SimbirSoftAppTests.debug.xcconfig"; sourceTree = "<group>"; };
		9F155B4C6C50207E142AC4EE /* Pods-SimbirSoftAppTests.release.xcconfig */ = {isa = PBXFileReference; includeInIndex = 1; lastKnownFileType = text.xcconfig; name = "Pods-SimbirSoftAppTests.release.xcconfig"; path = "Target Support Files/Pods-SimbirSoftAppTests/Pods-SimbirSoftAppTests.release.xcconfig"; sourceTree = "<group>"; };
		A9C40C2A46E7FA84A8F8C7BA /* Pods_SimbirSoftAppTests.framework */ = {isa = PBXFileReference; explicitFileType = wrapper.framework; includeInIndex = 0; path = Pods_SimbirSoftAppTests.framework; sourceTree = BUILT_PRODUCTS_DIR; };
		AA12FCCC2D0C5E8300DFE8EE /* SimbirSoftApp.app */ = {isa = PBXFileReference; explicitFileType = wrapper.application; includeInIndex = 0; path = SimbirSoftApp.app; sourceTree = BUILT_PRODUCTS_DIR; };
		AA12FCE22D0C5E8500DFE8EE /* SimbirSoftAppTests.xctest */ = {isa = PBXFileReference; explicitFileType = wrapper.cfbundle; includeInIndex = 0; path = SimbirSoftAppTests.xctest; sourceTree = BUILT_PRODUCTS_DIR; };
		AA6797CA2D10385A00ADCA03 /* DetailController.swift */ = {isa = PBXFileReference; lastKnownFileType = sourcecode.swift; path = DetailController.swift; sourceTree = "<group>"; };
		AA6797CC2D10388200ADCA03 /* DetailView.swift */ = {isa = PBXFileReference; lastKnownFileType = sourcecode.swift; path = DetailView.swift; sourceTree = "<group>"; };
		AA6F9D272D0EF45700F3B4AD /* CreateDutyController.swift */ = {isa = PBXFileReference; lastKnownFileType = sourcecode.swift; path = CreateDutyController.swift; sourceTree = "<group>"; };
		AA6F9D292D0EF49600F3B4AD /* CreateDutyView.swift */ = {isa = PBXFileReference; lastKnownFileType = sourcecode.swift; path = CreateDutyView.swift; sourceTree = "<group>"; };
		AAA21B6C2D0DE2A9004BA8B0 /* DutyController.swift */ = {isa = PBXFileReference; lastKnownFileType = sourcecode.swift; path = DutyController.swift; sourceTree = "<group>"; };
		AAA21B6E2D0DE2A9004BA8B0 /* Task.swift */ = {isa = PBXFileReference; lastKnownFileType = sourcecode.swift; path = Task.swift; sourceTree = "<group>"; };
		AAA21B6F2D0DE2A9004BA8B0 /* TaskManager.swift */ = {isa = PBXFileReference; lastKnownFileType = sourcecode.swift; path = TaskManager.swift; sourceTree = "<group>"; };
		AAA21B712D0DE2A9004BA8B0 /* Assets.xcassets */ = {isa = PBXFileReference; lastKnownFileType = folder.assetcatalog; path = Assets.xcassets; sourceTree = "<group>"; };
		AAA21B722D0DE2A9004BA8B0 /* tasks.json */ = {isa = PBXFileReference; lastKnownFileType = text.json; path = tasks.json; sourceTree = "<group>"; };
		AAA21B742D0DE2A9004BA8B0 /* TaskCell.swift */ = {isa = PBXFileReference; lastKnownFileType = sourcecode.swift; path = TaskCell.swift; sourceTree = "<group>"; };
		AAA21B762D0DE2A9004BA8B0 /* DutyView.swift */ = {isa = PBXFileReference; lastKnownFileType = sourcecode.swift; path = DutyView.swift; sourceTree = "<group>"; };
		AAA21B782D0DE2A9004BA8B0 /* AppDelegate.swift */ = {isa = PBXFileReference; lastKnownFileType = sourcecode.swift; path = AppDelegate.swift; sourceTree = "<group>"; };
		AAA21B792D0DE2A9004BA8B0 /* Info.plist */ = {isa = PBXFileReference; lastKnownFileType = text.plist.xml; path = Info.plist; sourceTree = "<group>"; };
		AAA21B7A2D0DE2A9004BA8B0 /* SceneDelegate.swift */ = {isa = PBXFileReference; lastKnownFileType = sourcecode.swift; path = SceneDelegate.swift; sourceTree = "<group>"; };
		D97A1C8053D769CFAC9B0A50 /* Pods_SimbirSoftApp.framework */ = {isa = PBXFileReference; explicitFileType = wrapper.framework; includeInIndex = 0; path = Pods_SimbirSoftApp.framework; sourceTree = BUILT_PRODUCTS_DIR; };
		E63570DAB4C35CDE0376C283 /* Pods-SimbirSoftApp.debug.xcconfig */ = {isa = PBXFileReference; includeInIndex = 1; lastKnownFileType = text.xcconfig; name = "Pods-SimbirSoftApp.debug.xcconfig"; path = "Target Support Files/Pods-SimbirSoftApp/Pods-SimbirSoftApp.debug.xcconfig"; sourceTree = "<group>"; };
/* End PBXFileReference section */

/* Begin PBXFileSystemSynchronizedRootGroup section */
		AA12FCE52D0C5E8500DFE8EE /* SimbirSoftAppTests */ = {
			isa = PBXFileSystemSynchronizedRootGroup;
			path = SimbirSoftAppTests;
			sourceTree = "<group>";
		};
/* End PBXFileSystemSynchronizedRootGroup section */

/* Begin PBXFrameworksBuildPhase section */
		AA12FCC92D0C5E8300DFE8EE /* Frameworks */ = {
			isa = PBXFrameworksBuildPhase;
			buildActionMask = 2147483647;
			files = (
				CF1CED5FA54C0D78707E49C3 /* Pods_SimbirSoftApp.framework in Frameworks */,
			);
			runOnlyForDeploymentPostprocessing = 0;
		};
		AA12FCDF2D0C5E8500DFE8EE /* Frameworks */ = {
			isa = PBXFrameworksBuildPhase;
			buildActionMask = 2147483647;
			files = (
				E0C415CF00AA11647694F36F /* Pods_SimbirSoftAppTests.framework in Frameworks */,
			);
			runOnlyForDeploymentPostprocessing = 0;
		};
/* End PBXFrameworksBuildPhase section */

/* Begin PBXGroup section */
		1D9E52F6A4CC1875B0DC7F57 /* Pods */ = {
			isa = PBXGroup;
			children = (
				E63570DAB4C35CDE0376C283 /* Pods-SimbirSoftApp.debug.xcconfig */,
				1EBB9BDBBCD64F895AF1872F /* Pods-SimbirSoftApp.release.xcconfig */,
				20DD871AC42DE74D337EEAD5 /* Pods-SimbirSoftAppTests.debug.xcconfig */,
				9F155B4C6C50207E142AC4EE /* Pods-SimbirSoftAppTests.release.xcconfig */,
			);
			path = Pods;
			sourceTree = "<group>";
		};
		4AAD1CED8AE175F64A215F5F /* Frameworks */ = {
			isa = PBXGroup;
			children = (
				D97A1C8053D769CFAC9B0A50 /* Pods_SimbirSoftApp.framework */,
				A9C40C2A46E7FA84A8F8C7BA /* Pods_SimbirSoftAppTests.framework */,
			);
			name = Frameworks;
			sourceTree = "<group>";
		};
		AA12FCC32D0C5E8300DFE8EE = {
			isa = PBXGroup;
			children = (
				AA12FCCD2D0C5E8300DFE8EE /* Products */,
				AAA21B7B2D0DE2A9004BA8B0 /* SimbirSoftApp */,
				AA12FCE52D0C5E8500DFE8EE /* SimbirSoftAppTests */,
				1D9E52F6A4CC1875B0DC7F57 /* Pods */,
				4AAD1CED8AE175F64A215F5F /* Frameworks */,
			);
			sourceTree = "<group>";
		};
		AA12FCCD2D0C5E8300DFE8EE /* Products */ = {
			isa = PBXGroup;
			children = (
				AA12FCCC2D0C5E8300DFE8EE /* SimbirSoftApp.app */,
				AA12FCE22D0C5E8500DFE8EE /* SimbirSoftAppTests.xctest */,
			);
			name = Products;
			sourceTree = "<group>";
		};
		AAA21B6D2D0DE2A9004BA8B0 /* Controller */ = {
			isa = PBXGroup;
			children = (
				AAA21B6C2D0DE2A9004BA8B0 /* DutyController.swift */,
				AA6F9D272D0EF45700F3B4AD /* CreateDutyController.swift */,
				AA6797CA2D10385A00ADCA03 /* DetailController.swift */,
			);
			path = Controller;
			sourceTree = "<group>";
		};
		AAA21B702D0DE2A9004BA8B0 /* Model */ = {
			isa = PBXGroup;
			children = (
				AAA21B6E2D0DE2A9004BA8B0 /* Task.swift */,
				AAA21B6F2D0DE2A9004BA8B0 /* TaskManager.swift */,
			);
			path = Model;
			sourceTree = "<group>";
		};
		AAA21B732D0DE2A9004BA8B0 /* Resourses */ = {
			isa = PBXGroup;
			children = (
				AAA21B712D0DE2A9004BA8B0 /* Assets.xcassets */,
				AAA21B722D0DE2A9004BA8B0 /* tasks.json */,
			);
			path = Resourses;
			sourceTree = "<group>";
		};
		AAA21B752D0DE2A9004BA8B0 /* Components */ = {
			isa = PBXGroup;
			children = (
				AAA21B742D0DE2A9004BA8B0 /* TaskCell.swift */,
			);
			path = Components;
			sourceTree = "<group>";
		};
		AAA21B772D0DE2A9004BA8B0 /* View */ = {
			isa = PBXGroup;
			children = (
				AAA21B752D0DE2A9004BA8B0 /* Components */,
				AAA21B762D0DE2A9004BA8B0 /* DutyView.swift */,
				AA6F9D292D0EF49600F3B4AD /* CreateDutyView.swift */,
				AA6797CC2D10388200ADCA03 /* DetailView.swift */,
			);
			path = View;
			sourceTree = "<group>";
		};
		AAA21B7B2D0DE2A9004BA8B0 /* SimbirSoftApp */ = {
			isa = PBXGroup;
			children = (
				AAA21B702D0DE2A9004BA8B0 /* Model */,
				AAA21B772D0DE2A9004BA8B0 /* View */,
				AAA21B6D2D0DE2A9004BA8B0 /* Controller */,
				AAA21B732D0DE2A9004BA8B0 /* Resourses */,
				AAA21B782D0DE2A9004BA8B0 /* AppDelegate.swift */,
				AAA21B7A2D0DE2A9004BA8B0 /* SceneDelegate.swift */,
				AAA21B792D0DE2A9004BA8B0 /* Info.plist */,
			);
			path = SimbirSoftApp;
			sourceTree = "<group>";
		};
/* End PBXGroup section */

/* Begin PBXNativeTarget section */
		AA12FCCB2D0C5E8300DFE8EE /* SimbirSoftApp */ = {
			isa = PBXNativeTarget;
			buildConfigurationList = AA12FCF52D0C5E8500DFE8EE /* Build configuration list for PBXNativeTarget "SimbirSoftApp" */;
			buildPhases = (
				2BE13B37B0B6E268F763ABC6 /* [CP] Check Pods Manifest.lock */,
				AA12FCC82D0C5E8300DFE8EE /* Sources */,
				AA12FCC92D0C5E8300DFE8EE /* Frameworks */,
				AA12FCCA2D0C5E8300DFE8EE /* Resources */,
				A4EB7D81B8A8E875EF278DD6 /* [CP] Embed Pods Frameworks */,
			);
			buildRules = (
			);
			dependencies = (
			);
			name = SimbirSoftApp;
			productName = SimbirSoftApp;
			productReference = AA12FCCC2D0C5E8300DFE8EE /* SimbirSoftApp.app */;
			productType = "com.apple.product-type.application";
		};
		AA12FCE12D0C5E8500DFE8EE /* SimbirSoftAppTests */ = {
			isa = PBXNativeTarget;
			buildConfigurationList = AA12FCFA2D0C5E8500DFE8EE /* Build configuration list for PBXNativeTarget "SimbirSoftAppTests" */;
			buildPhases = (
				E8D3D5ACE37F95B76471F424 /* [CP] Check Pods Manifest.lock */,
				AA12FCDE2D0C5E8500DFE8EE /* Sources */,
				AA12FCDF2D0C5E8500DFE8EE /* Frameworks */,
				AA12FCE02D0C5E8500DFE8EE /* Resources */,
			);
			buildRules = (
			);
			dependencies = (
				AA12FCE42D0C5E8500DFE8EE /* PBXTargetDependency */,
			);
			fileSystemSynchronizedGroups = (
				AA12FCE52D0C5E8500DFE8EE /* SimbirSoftAppTests */,
			);
			name = SimbirSoftAppTests;
			productName = SimbirSoftAppTests;
			productReference = AA12FCE22D0C5E8500DFE8EE /* SimbirSoftAppTests.xctest */;
			productType = "com.apple.product-type.bundle.unit-test";
		};
/* End PBXNativeTarget section */

/* Begin PBXProject section */
		AA12FCC42D0C5E8300DFE8EE /* Project object */ = {
			isa = PBXProject;
			attributes = {
				BuildIndependentTargetsInParallel = 1;
				LastSwiftUpdateCheck = 1610;
				LastUpgradeCheck = 1610;
				TargetAttributes = {
					AA12FCCB2D0C5E8300DFE8EE = {
						CreatedOnToolsVersion = 16.1;
					};
					AA12FCE12D0C5E8500DFE8EE = {
						CreatedOnToolsVersion = 16.1;
						TestTargetID = AA12FCCB2D0C5E8300DFE8EE;
					};
				};
			};
			buildConfigurationList = AA12FCC72D0C5E8300DFE8EE /* Build configuration list for PBXProject "SimbirSoftApp" */;
			developmentRegion = en;
			hasScannedForEncodings = 0;
			knownRegions = (
				en,
				Base,
			);
			mainGroup = AA12FCC32D0C5E8300DFE8EE;
			minimizedProjectReferenceProxies = 1;
			preferredProjectObjectVersion = 77;
			productRefGroup = AA12FCCD2D0C5E8300DFE8EE /* Products */;
			projectDirPath = "";
			projectRoot = "";
			targets = (
				AA12FCCB2D0C5E8300DFE8EE /* SimbirSoftApp */,
				AA12FCE12D0C5E8500DFE8EE /* SimbirSoftAppTests */,
			);
		};
/* End PBXProject section */

/* Begin PBXResourcesBuildPhase section */
		AA12FCCA2D0C5E8300DFE8EE /* Resources */ = {
			isa = PBXResourcesBuildPhase;
			buildActionMask = 2147483647;
			files = (
				AAA21B7C2D0DE2A9004BA8B0 /* Assets.xcassets in Resources */,
			);
			runOnlyForDeploymentPostprocessing = 0;
		};
		AA12FCE02D0C5E8500DFE8EE /* Resources */ = {
			isa = PBXResourcesBuildPhase;
			buildActionMask = 2147483647;
			files = (
			);
			runOnlyForDeploymentPostprocessing = 0;
		};
/* End PBXResourcesBuildPhase section */

/* Begin PBXShellScriptBuildPhase section */
		2BE13B37B0B6E268F763ABC6 /* [CP] Check Pods Manifest.lock */ = {
			isa = PBXShellScriptBuildPhase;
			buildActionMask = 2147483647;
			files = (
			);
			inputFileListPaths = (
			);
			inputPaths = (
				"${PODS_PODFILE_DIR_PATH}/Podfile.lock",
				"${PODS_ROOT}/Manifest.lock",
			);
			name = "[CP] Check Pods Manifest.lock";
			outputFileListPaths = (
			);
			outputPaths = (
				"$(DERIVED_FILE_DIR)/Pods-SimbirSoftApp-checkManifestLockResult.txt",
			);
			runOnlyForDeploymentPostprocessing = 0;
			shellPath = /bin/sh;
			shellScript = "diff \"${PODS_PODFILE_DIR_PATH}/Podfile.lock\" \"${PODS_ROOT}/Manifest.lock\" > /dev/null\nif [ $? != 0 ] ; then\n    # print error to STDERR\n    echo \"error: The sandbox is not in sync with the Podfile.lock. Run 'pod install' or update your CocoaPods installation.\" >&2\n    exit 1\nfi\n# This output is used by Xcode 'outputs' to avoid re-running this script phase.\necho \"SUCCESS\" > \"${SCRIPT_OUTPUT_FILE_0}\"\n";
			showEnvVarsInLog = 0;
		};
		A4EB7D81B8A8E875EF278DD6 /* [CP] Embed Pods Frameworks */ = {
			isa = PBXShellScriptBuildPhase;
			buildActionMask = 2147483647;
			files = (
			);
			inputFileListPaths = (
				"${PODS_ROOT}/Target Support Files/Pods-SimbirSoftApp/Pods-SimbirSoftApp-frameworks-${CONFIGURATION}-input-files.xcfilelist",
			);
			name = "[CP] Embed Pods Frameworks";
			outputFileListPaths = (
				"${PODS_ROOT}/Target Support Files/Pods-SimbirSoftApp/Pods-SimbirSoftApp-frameworks-${CONFIGURATION}-output-files.xcfilelist",
			);
			runOnlyForDeploymentPostprocessing = 0;
			shellPath = /bin/sh;
			shellScript = "\"${PODS_ROOT}/Target Support Files/Pods-SimbirSoftApp/Pods-SimbirSoftApp-frameworks.sh\"\n";
			showEnvVarsInLog = 0;
		};
		E8D3D5ACE37F95B76471F424 /* [CP] Check Pods Manifest.lock */ = {
			isa = PBXShellScriptBuildPhase;
			buildActionMask = 2147483647;
			files = (
			);
			inputFileListPaths = (
			);
			inputPaths = (
				"${PODS_PODFILE_DIR_PATH}/Podfile.lock",
				"${PODS_ROOT}/Manifest.lock",
			);
			name = "[CP] Check Pods Manifest.lock";
			outputFileListPaths = (
			);
			outputPaths = (
				"$(DERIVED_FILE_DIR)/Pods-SimbirSoftAppTests-checkManifestLockResult.txt",
			);
			runOnlyForDeploymentPostprocessing = 0;
			shellPath = /bin/sh;
			shellScript = "diff \"${PODS_PODFILE_DIR_PATH}/Podfile.lock\" \"${PODS_ROOT}/Manifest.lock\" > /dev/null\nif [ $? != 0 ] ; then\n    # print error to STDERR\n    echo \"error: The sandbox is not in sync with the Podfile.lock. Run 'pod install' or update your CocoaPods installation.\" >&2\n    exit 1\nfi\n# This output is used by Xcode 'outputs' to avoid re-running this script phase.\necho \"SUCCESS\" > \"${SCRIPT_OUTPUT_FILE_0}\"\n";
			showEnvVarsInLog = 0;
		};
/* End PBXShellScriptBuildPhase section */

/* Begin PBXSourcesBuildPhase section */
		AA12FCC82D0C5E8300DFE8EE /* Sources */ = {
			isa = PBXSourcesBuildPhase;
			buildActionMask = 2147483647;
			files = (
				AAA21B862D0DE2A9004BA8B0 /* tasks.json in Sources */,
				AA6797CD2D10388200ADCA03 /* DetailView.swift in Sources */,
				AA6F9D282D0EF45700F3B4AD /* CreateDutyController.swift in Sources */,
				AA6797CB2D10385A00ADCA03 /* DetailController.swift in Sources */,
				AAA21B7F2D0DE2A9004BA8B0 /* DutyController.swift in Sources */,
				AAA21B802D0DE2A9004BA8B0 /* Task.swift in Sources */,
				AAA21B812D0DE2A9004BA8B0 /* TaskManager.swift in Sources */,
				AAA21B822D0DE2A9004BA8B0 /* TaskCell.swift in Sources */,
				AA6F9D2A2D0EF49600F3B4AD /* CreateDutyView.swift in Sources */,
				AAA21B832D0DE2A9004BA8B0 /* DutyView.swift in Sources */,
				AAA21B842D0DE2A9004BA8B0 /* AppDelegate.swift in Sources */,
				AAA21B852D0DE2A9004BA8B0 /* SceneDelegate.swift in Sources */,
			);
			runOnlyForDeploymentPostprocessing = 0;
		};
		AA12FCDE2D0C5E8500DFE8EE /* Sources */ = {
			isa = PBXSourcesBuildPhase;
			buildActionMask = 2147483647;
			files = (
			);
			runOnlyForDeploymentPostprocessing = 0;
		};
/* End PBXSourcesBuildPhase section */

/* Begin PBXTargetDependency section */
		AA12FCE42D0C5E8500DFE8EE /* PBXTargetDependency */ = {
			isa = PBXTargetDependency;
			target = AA12FCCB2D0C5E8300DFE8EE /* SimbirSoftApp */;
			targetProxy = AA12FCE32D0C5E8500DFE8EE /* PBXContainerItemProxy */;
		};
/* End PBXTargetDependency section */

/* Begin XCBuildConfiguration section */
		AA12FCF62D0C5E8500DFE8EE /* Debug */ = {
			isa = XCBuildConfiguration;
			baseConfigurationReference = E63570DAB4C35CDE0376C283 /* Pods-SimbirSoftApp.debug.xcconfig */;
			buildSettings = {
				ASSETCATALOG_COMPILER_APPICON_NAME = AppIcon;
				ASSETCATALOG_COMPILER_GLOBAL_ACCENT_COLOR_NAME = AccentColor;
				CODE_SIGN_STYLE = Automatic;
				CURRENT_PROJECT_VERSION = 1;
				DEVELOPMENT_TEAM = C4MF94BMZN;
				ENABLE_USER_SCRIPT_SANDBOXING = NO;
				GENERATE_INFOPLIST_FILE = YES;
				INFOPLIST_FILE = SimbirSoftApp/Info.plist;
				INFOPLIST_KEY_UIApplicationSupportsIndirectInputEvents = YES;
				INFOPLIST_KEY_UILaunchStoryboardName = LaunchScreen;
				INFOPLIST_KEY_UISupportedInterfaceOrientations = UIInterfaceOrientationPortrait;
				INFOPLIST_KEY_UISupportedInterfaceOrientations_iPad = "UIInterfaceOrientationLandscapeLeft UIInterfaceOrientationLandscapeRight UIInterfaceOrientationPortrait UIInterfaceOrientationPortraitUpsideDown";
				IPHONEOS_DEPLOYMENT_TARGET = 12.0;
				LD_RUNPATH_SEARCH_PATHS = (
					"$(inherited)",
					"@executable_path/Frameworks",
				);
				MARKETING_VERSION = 1.0;
				PRODUCT_BUNDLE_IDENTIFIER = "ru.medey90-mail.SimbirSoftApp";
				PRODUCT_NAME = "$(TARGET_NAME)";
				SUPPORTED_PLATFORMS = "iphoneos iphonesimulator";
				SUPPORTS_MACCATALYST = NO;
				SUPPORTS_MAC_DESIGNED_FOR_IPHONE_IPAD = NO;
				SUPPORTS_XR_DESIGNED_FOR_IPHONE_IPAD = NO;
				SWIFT_EMIT_LOC_STRINGS = YES;
				SWIFT_VERSION = 5.0;
				TARGETED_DEVICE_FAMILY = 1;
			};
			name = Debug;
		};
		AA12FCF72D0C5E8500DFE8EE /* Release */ = {
			isa = XCBuildConfiguration;
			baseConfigurationReference = 1EBB9BDBBCD64F895AF1872F /* Pods-SimbirSoftApp.release.xcconfig */;
			buildSettings = {
				ASSETCATALOG_COMPILER_APPICON_NAME = AppIcon;
				ASSETCATALOG_COMPILER_GLOBAL_ACCENT_COLOR_NAME = AccentColor;
				CODE_SIGN_STYLE = Automatic;
				CURRENT_PROJECT_VERSION = 1;
				DEVELOPMENT_TEAM = C4MF94BMZN;
				ENABLE_USER_SCRIPT_SANDBOXING = NO;
				GENERATE_INFOPLIST_FILE = YES;
				INFOPLIST_FILE = SimbirSoftApp/Info.plist;
				INFOPLIST_KEY_UIApplicationSupportsIndirectInputEvents = YES;
				INFOPLIST_KEY_UILaunchStoryboardName = LaunchScreen;
				INFOPLIST_KEY_UISupportedInterfaceOrientations = UIInterfaceOrientationPortrait;
				INFOPLIST_KEY_UISupportedInterfaceOrientations_iPad = "UIInterfaceOrientationLandscapeLeft UIInterfaceOrientationLandscapeRight UIInterfaceOrientationPortrait UIInterfaceOrientationPortraitUpsideDown";
				IPHONEOS_DEPLOYMENT_TARGET = 12.0;
				LD_RUNPATH_SEARCH_PATHS = (
					"$(inherited)",
					"@executable_path/Frameworks",
				);
				MARKETING_VERSION = 1.0;
				PRODUCT_BUNDLE_IDENTIFIER = "ru.medey90-mail.SimbirSoftApp";
				PRODUCT_NAME = "$(TARGET_NAME)";
				SUPPORTED_PLATFORMS = "iphoneos iphonesimulator";
				SUPPORTS_MACCATALYST = NO;
				SUPPORTS_MAC_DESIGNED_FOR_IPHONE_IPAD = NO;
				SUPPORTS_XR_DESIGNED_FOR_IPHONE_IPAD = NO;
				SWIFT_EMIT_LOC_STRINGS = YES;
				SWIFT_VERSION = 5.0;
				TARGETED_DEVICE_FAMILY = 1;
			};
			name = Release;
		};
		AA12FCF82D0C5E8500DFE8EE /* Debug */ = {
			isa = XCBuildConfiguration;
			buildSettings = {
				ALWAYS_SEARCH_USER_PATHS = NO;
				ASSETCATALOG_COMPILER_GENERATE_SWIFT_ASSET_SYMBOL_EXTENSIONS = YES;
				CLANG_ANALYZER_NONNULL = YES;
				CLANG_ANALYZER_NUMBER_OBJECT_CONVERSION = YES_AGGRESSIVE;
				CLANG_CXX_LANGUAGE_STANDARD = "gnu++20";
				CLANG_ENABLE_MODULES = YES;
				CLANG_ENABLE_OBJC_ARC = YES;
				CLANG_ENABLE_OBJC_WEAK = YES;
				CLANG_WARN_BLOCK_CAPTURE_AUTORELEASING = YES;
				CLANG_WARN_BOOL_CONVERSION = YES;
				CLANG_WARN_COMMA = YES;
				CLANG_WARN_CONSTANT_CONVERSION = YES;
				CLANG_WARN_DEPRECATED_OBJC_IMPLEMENTATIONS = YES;
				CLANG_WARN_DIRECT_OBJC_ISA_USAGE = YES_ERROR;
				CLANG_WARN_DOCUMENTATION_COMMENTS = YES;
				CLANG_WARN_EMPTY_BODY = YES;
				CLANG_WARN_ENUM_CONVERSION = YES;
				CLANG_WARN_INFINITE_RECURSION = YES;
				CLANG_WARN_INT_CONVERSION = YES;
				CLANG_WARN_NON_LITERAL_NULL_CONVERSION = YES;
				CLANG_WARN_OBJC_IMPLICIT_RETAIN_SELF = YES;
				CLANG_WARN_OBJC_LITERAL_CONVERSION = YES;
				CLANG_WARN_OBJC_ROOT_CLASS = YES_ERROR;
				CLANG_WARN_QUOTED_INCLUDE_IN_FRAMEWORK_HEADER = YES;
				CLANG_WARN_RANGE_LOOP_ANALYSIS = YES;
				CLANG_WARN_STRICT_PROTOTYPES = YES;
				CLANG_WARN_SUSPICIOUS_MOVE = YES;
				CLANG_WARN_UNGUARDED_AVAILABILITY = YES_AGGRESSIVE;
				CLANG_WARN_UNREACHABLE_CODE = YES;
				CLANG_WARN__DUPLICATE_METHOD_MATCH = YES;
				COPY_PHASE_STRIP = NO;
				DEBUG_INFORMATION_FORMAT = dwarf;
				ENABLE_STRICT_OBJC_MSGSEND = YES;
				ENABLE_TESTABILITY = YES;
				ENABLE_USER_SCRIPT_SANDBOXING = YES;
				GCC_C_LANGUAGE_STANDARD = gnu17;
				GCC_DYNAMIC_NO_PIC = NO;
				GCC_NO_COMMON_BLOCKS = YES;
				GCC_OPTIMIZATION_LEVEL = 0;
				GCC_PREPROCESSOR_DEFINITIONS = (
					"DEBUG=1",
					"$(inherited)",
				);
				GCC_WARN_64_TO_32_BIT_CONVERSION = YES;
				GCC_WARN_ABOUT_RETURN_TYPE = YES_ERROR;
				GCC_WARN_UNDECLARED_SELECTOR = YES;
				GCC_WARN_UNINITIALIZED_AUTOS = YES_AGGRESSIVE;
				GCC_WARN_UNUSED_FUNCTION = YES;
				GCC_WARN_UNUSED_VARIABLE = YES;
				IPHONEOS_DEPLOYMENT_TARGET = 18.1;
				LOCALIZATION_PREFERS_STRING_CATALOGS = YES;
				MTL_ENABLE_DEBUG_INFO = INCLUDE_SOURCE;
				MTL_FAST_MATH = YES;
				ONLY_ACTIVE_ARCH = YES;
				SDKROOT = iphoneos;
				SWIFT_ACTIVE_COMPILATION_CONDITIONS = "DEBUG $(inherited)";
				SWIFT_OPTIMIZATION_LEVEL = "-Onone";
			};
			name = Debug;
		};
		AA12FCF92D0C5E8500DFE8EE /* Release */ = {
			isa = XCBuildConfiguration;
			buildSettings = {
				ALWAYS_SEARCH_USER_PATHS = NO;
				ASSETCATALOG_COMPILER_GENERATE_SWIFT_ASSET_SYMBOL_EXTENSIONS = YES;
				CLANG_ANALYZER_NONNULL = YES;
				CLANG_ANALYZER_NUMBER_OBJECT_CONVERSION = YES_AGGRESSIVE;
				CLANG_CXX_LANGUAGE_STANDARD = "gnu++20";
				CLANG_ENABLE_MODULES = YES;
				CLANG_ENABLE_OBJC_ARC = YES;
				CLANG_ENABLE_OBJC_WEAK = YES;
				CLANG_WARN_BLOCK_CAPTURE_AUTORELEASING = YES;
				CLANG_WARN_BOOL_CONVERSION = YES;
				CLANG_WARN_COMMA = YES;
				CLANG_WARN_CONSTANT_CONVERSION = YES;
				CLANG_WARN_DEPRECATED_OBJC_IMPLEMENTATIONS = YES;
				CLANG_WARN_DIRECT_OBJC_ISA_USAGE = YES_ERROR;
				CLANG_WARN_DOCUMENTATION_COMMENTS = YES;
				CLANG_WARN_EMPTY_BODY = YES;
				CLANG_WARN_ENUM_CONVERSION = YES;
				CLANG_WARN_INFINITE_RECURSION = YES;
				CLANG_WARN_INT_CONVERSION = YES;
				CLANG_WARN_NON_LITERAL_NULL_CONVERSION = YES;
				CLANG_WARN_OBJC_IMPLICIT_RETAIN_SELF = YES;
				CLANG_WARN_OBJC_LITERAL_CONVERSION = YES;
				CLANG_WARN_OBJC_ROOT_CLASS = YES_ERROR;
				CLANG_WARN_QUOTED_INCLUDE_IN_FRAMEWORK_HEADER = YES;
				CLANG_WARN_RANGE_LOOP_ANALYSIS = YES;
				CLANG_WARN_STRICT_PROTOTYPES = YES;
				CLANG_WARN_SUSPICIOUS_MOVE = YES;
				CLANG_WARN_UNGUARDED_AVAILABILITY = YES_AGGRESSIVE;
				CLANG_WARN_UNREACHABLE_CODE = YES;
				CLANG_WARN__DUPLICATE_METHOD_MATCH = YES;
				COPY_PHASE_STRIP = NO;
				DEBUG_INFORMATION_FORMAT = "dwarf-with-dsym";
				ENABLE_NS_ASSERTIONS = NO;
				ENABLE_STRICT_OBJC_MSGSEND = YES;
				ENABLE_USER_SCRIPT_SANDBOXING = YES;
				GCC_C_LANGUAGE_STANDARD = gnu17;
				GCC_NO_COMMON_BLOCKS = YES;
				GCC_WARN_64_TO_32_BIT_CONVERSION = YES;
				GCC_WARN_ABOUT_RETURN_TYPE = YES_ERROR;
				GCC_WARN_UNDECLARED_SELECTOR = YES;
				GCC_WARN_UNINITIALIZED_AUTOS = YES_AGGRESSIVE;
				GCC_WARN_UNUSED_FUNCTION = YES;
				GCC_WARN_UNUSED_VARIABLE = YES;
				IPHONEOS_DEPLOYMENT_TARGET = 18.1;
				LOCALIZATION_PREFERS_STRING_CATALOGS = YES;
				MTL_ENABLE_DEBUG_INFO = NO;
				MTL_FAST_MATH = YES;
				SDKROOT = iphoneos;
				SWIFT_COMPILATION_MODE = wholemodule;
				VALIDATE_PRODUCT = YES;
			};
			name = Release;
		};
		AA12FCFB2D0C5E8500DFE8EE /* Debug */ = {
			isa = XCBuildConfiguration;
			baseConfigurationReference = 20DD871AC42DE74D337EEAD5 /* Pods-SimbirSoftAppTests.debug.xcconfig */;
			buildSettings = {
				BUNDLE_LOADER = "$(TEST_HOST)";
				CODE_SIGN_STYLE = Automatic;
				CURRENT_PROJECT_VERSION = 1;
				DEVELOPMENT_TEAM = C4MF94BMZN;
				GENERATE_INFOPLIST_FILE = YES;
				IPHONEOS_DEPLOYMENT_TARGET = 12;
				MARKETING_VERSION = 1.0;
				PRODUCT_BUNDLE_IDENTIFIER = "ru.medey90-mail.SimbirSoftAppTests";
				PRODUCT_NAME = "$(TARGET_NAME)";
				SWIFT_EMIT_LOC_STRINGS = NO;
				SWIFT_VERSION = 5.0;
				TARGETED_DEVICE_FAMILY = "1,2";
				TEST_HOST = "$(BUILT_PRODUCTS_DIR)/SimbirSoftApp.app/$(BUNDLE_EXECUTABLE_FOLDER_PATH)/SimbirSoftApp";
			};
			name = Debug;
		};
		AA12FCFC2D0C5E8500DFE8EE /* Release */ = {
			isa = XCBuildConfiguration;
			baseConfigurationReference = 9F155B4C6C50207E142AC4EE /* Pods-SimbirSoftAppTests.release.xcconfig */;
			buildSettings = {
				BUNDLE_LOADER = "$(TEST_HOST)";
				CODE_SIGN_STYLE = Automatic;
				CURRENT_PROJECT_VERSION = 1;
				DEVELOPMENT_TEAM = C4MF94BMZN;
				GENERATE_INFOPLIST_FILE = YES;
				IPHONEOS_DEPLOYMENT_TARGET = 12;
				MARKETING_VERSION = 1.0;
				PRODUCT_BUNDLE_IDENTIFIER = "ru.medey90-mail.SimbirSoftAppTests";
				PRODUCT_NAME = "$(TARGET_NAME)";
				SWIFT_EMIT_LOC_STRINGS = NO;
				SWIFT_VERSION = 5.0;
				TARGETED_DEVICE_FAMILY = "1,2";
				TEST_HOST = "$(BUILT_PRODUCTS_DIR)/SimbirSoftApp.app/$(BUNDLE_EXECUTABLE_FOLDER_PATH)/SimbirSoftApp";
			};
			name = Release;
		};
/* End XCBuildConfiguration section */

/* Begin XCConfigurationList section */
		AA12FCC72D0C5E8300DFE8EE /* Build configuration list for PBXProject "SimbirSoftApp" */ = {
			isa = XCConfigurationList;
			buildConfigurations = (
				AA12FCF82D0C5E8500DFE8EE /* Debug */,
				AA12FCF92D0C5E8500DFE8EE /* Release */,
			);
			defaultConfigurationIsVisible = 0;
			defaultConfigurationName = Release;
		};
		AA12FCF52D0C5E8500DFE8EE /* Build configuration list for PBXNativeTarget "SimbirSoftApp" */ = {
			isa = XCConfigurationList;
			buildConfigurations = (
				AA12FCF62D0C5E8500DFE8EE /* Debug */,
				AA12FCF72D0C5E8500DFE8EE /* Release */,
			);
			defaultConfigurationIsVisible = 0;
			defaultConfigurationName = Release;
		};
		AA12FCFA2D0C5E8500DFE8EE /* Build configuration list for PBXNativeTarget "SimbirSoftAppTests" */ = {
			isa = XCConfigurationList;
			buildConfigurations = (
				AA12FCFB2D0C5E8500DFE8EE /* Debug */,
				AA12FCFC2D0C5E8500DFE8EE /* Release */,
			);
			defaultConfigurationIsVisible = 0;
			defaultConfigurationName = Release;
		};
/* End XCConfigurationList section */
	};
	rootObject = AA12FCC42D0C5E8300DFE8EE /* Project object */;
}
